
Microsoft Visual Studio Solution File, Format Version 12.00
# Visual Studio 15
VisualStudioVersion = 15.0.28307.329
MinimumVisualStudioVersion = 10.0.40219.1
Project("{FAE04EC0-301F-11D3-BF4B-00C04F79EFBC}") = "Vinny.Android", "Vinny\Vinny.Android\Vinny.Android.csproj", "{462532FE-FF3F-4446-8AF3-2A93937FF1BB}"
EndProject
Project("{FAE04EC0-301F-11D3-BF4B-00C04F79EFBC}") = "Vinny.iOS", "Vinny\Vinny.iOS\Vinny.iOS.csproj", "{C55F93F2-5E21-4C99-A2DD-247F4CB0E41A}"
EndProject
Project("{FAE04EC0-301F-11D3-BF4B-00C04F79EFBC}") = "Vinny", "Vinny\Vinny\Vinny.csproj", "{48851CE8-58B3-4DCA-9D05-7424738B7C42}"
EndProject
Global
	GlobalSection(SolutionConfigurationPlatforms) = preSolution
		Ad-Hoc|Any CPU = Ad-Hoc|Any CPU
		Ad-Hoc|iPhone = Ad-Hoc|iPhone
		Ad-Hoc|iPhoneSimulator = Ad-Hoc|iPhoneSimulator
		AppStore|Any CPU = AppStore|Any CPU
		AppStore|iPhone = AppStore|iPhone
		AppStore|iPhoneSimulator = AppStore|iPhoneSimulator
		Debug|Any CPU = Debug|Any CPU
		Debug|iPhone = Debug|iPhone
		Debug|iPhoneSimulator = Debug|iPhoneSimulator
		Release|Any CPU = Release|Any CPU
		Release|iPhone = Release|iPhone
		Release|iPhoneSimulator = Release|iPhoneSimulator
	EndGlobalSection
	GlobalSection(ProjectConfigurationPlatforms) = postSolution
		{462532FE-FF3F-4446-8AF3-2A93937FF1BB}.Ad-Hoc|Any CPU.ActiveCfg = Release|Any CPU
		{462532FE-FF3F-4446-8AF3-2A93937FF1BB}.Ad-Hoc|Any CPU.Build.0 = Release|Any CPU
		{462532FE-FF3F-4446-8AF3-2A93937FF1BB}.Ad-Hoc|Any CPU.Deploy.0 = Release|Any CPU
		{462532FE-FF3F-4446-8AF3-2A93937FF1BB}.Ad-Hoc|iPhone.ActiveCfg = Release|Any CPU
		{462532FE-FF3F-4446-8AF3-2A93937FF1BB}.Ad-Hoc|iPhone.Build.0 = Release|Any CPU
		{462532FE-FF3F-4446-8AF3-2A93937FF1BB}.Ad-Hoc|iPhone.Deploy.0 = Release|Any CPU
		{462532FE-FF3F-4446-8AF3-2A93937FF1BB}.Ad-Hoc|iPhoneSimulator.ActiveCfg = Release|Any CPU
		{462532FE-FF3F-4446-8AF3-2A93937FF1BB}.Ad-Hoc|iPhoneSimulator.Build.0 = Release|Any CPU
		{462532FE-FF3F-4446-8AF3-2A93937FF1BB}.Ad-Hoc|iPhoneSimulator.Deploy.0 = Release|Any CPU
		{462532FE-FF3F-4446-8AF3-2A93937FF1BB}.AppStore|Any CPU.ActiveCfg = Release|Any CPU
		{462532FE-FF3F-4446-8AF3-2A93937FF1BB}.AppStore|Any CPU.Build.0 = Release|Any CPU
		{462532FE-FF3F-4446-8AF3-2A93937FF1BB}.AppStore|Any CPU.Deploy.0 = Release|Any CPU
		{462532FE-FF3F-4446-8AF3-2A93937FF1BB}.AppStore|iPhone.ActiveCfg = Release|Any CPU
		{462532FE-FF3F-4446-8AF3-2A93937FF1BB}.AppStore|iPhone.Build.0 = Release|Any CPU
		{462532FE-FF3F-4446-8AF3-2A93937FF1BB}.AppStore|iPhone.Deploy.0 = Release|Any CPU
		{462532FE-FF3F-4446-8AF3-2A93937FF1BB}.AppStore|iPhoneSimulator.ActiveCfg = Release|Any CPU
		{462532FE-FF3F-4446-8AF3-2A93937FF1BB}.AppStore|iPhoneSimulator.Build.0 = Release|Any CPU
		{462532FE-FF3F-4446-8AF3-2A93937FF1BB}.AppStore|iPhoneSimulator.Deploy.0 = Release|Any CPU
		{462532FE-FF3F-4446-8AF3-2A93937FF1BB}.Debug|Any CPU.ActiveCfg = Debug|Any CPU
		{462532FE-FF3F-4446-8AF3-2A93937FF1BB}.Debug|Any CPU.Build.0 = Debug|Any CPU
		{462532FE-FF3F-4446-8AF3-2A93937FF1BB}.Debug|Any CPU.Deploy.0 = Debug|Any CPU
		{462532FE-FF3F-4446-8AF3-2A93937FF1BB}.Debug|iPhone.ActiveCfg = Debug|Any CPU
		{462532FE-FF3F-4446-8AF3-2A93937FF1BB}.Debug|iPhone.Build.0 = Debug|Any CPU
		{462532FE-FF3F-4446-8AF3-2A93937FF1BB}.Debug|iPhone.Deploy.0 = Debug|Any CPU
		{462532FE-FF3F-4446-8AF3-2A93937FF1BB}.Debug|iPhoneSimulator.ActiveCfg = Debug|Any CPU
		{462532FE-FF3F-4446-8AF3-2A93937FF1BB}.Debug|iPhoneSimulator.Build.0 = Debug|Any CPU
		{462532FE-FF3F-4446-8AF3-2A93937FF1BB}.Debug|iPhoneSimulator.Deploy.0 = Debug|Any CPU
		{462532FE-FF3F-4446-8AF3-2A93937FF1BB}.Release|Any CPU.ActiveCfg = Release|Any CPU
		{462532FE-FF3F-4446-8AF3-2A93937FF1BB}.Release|Any CPU.Build.0 = Release|Any CPU
		{462532FE-FF3F-4446-8AF3-2A93937FF1BB}.Release|Any CPU.Deploy.0 = Release|Any CPU
		{462532FE-FF3F-4446-8AF3-2A93937FF1BB}.Release|iPhone.ActiveCfg = Release|Any CPU
		{462532FE-FF3F-4446-8AF3-2A93937FF1BB}.Release|iPhone.Build.0 = Release|Any CPU
		{462532FE-FF3F-4446-8AF3-2A93937FF1BB}.Release|iPhone.Deploy.0 = Release|Any CPU
		{462532FE-FF3F-4446-8AF3-2A93937FF1BB}.Release|iPhoneSimulator.ActiveCfg = Release|Any CPU
		{462532FE-FF3F-4446-8AF3-2A93937FF1BB}.Release|iPhoneSimulator.Build.0 = Release|Any CPU
		{462532FE-FF3F-4446-8AF3-2A93937FF1BB}.Release|iPhoneSimulator.Deploy.0 = Release|Any CPU
		{C55F93F2-5E21-4C99-A2DD-247F4CB0E41A}.Ad-Hoc|Any CPU.ActiveCfg = Ad-Hoc|iPhone
		{C55F93F2-5E21-4C99-A2DD-247F4CB0E41A}.Ad-Hoc|Any CPU.Build.0 = Ad-Hoc|iPhone
		{C55F93F2-5E21-4C99-A2DD-247F4CB0E41A}.Ad-Hoc|Any CPU.Deploy.0 = Ad-Hoc|iPhone
		{C55F93F2-5E21-4C99-A2DD-247F4CB0E41A}.Ad-Hoc|iPhone.ActiveCfg = Ad-Hoc|iPhone
		{C55F93F2-5E21-4C99-A2DD-247F4CB0E41A}.Ad-Hoc|iPhone.Build.0 = Ad-Hoc|iPhone
		{C55F93F2-5E21-4C99-A2DD-247F4CB0E41A}.Ad-Hoc|iPhone.Deploy.0 = Ad-Hoc|iPhone
		{C55F93F2-5E21-4C99-A2DD-247F4CB0E41A}.Ad-Hoc|iPhoneSimulator.ActiveCfg = Ad-Hoc|iPhoneSimulator
		{C55F93F2-5E21-4C99-A2DD-247F4CB0E41A}.Ad-Hoc|iPhoneSimulator.Build.0 = Ad-Hoc|iPhoneSimulator
		{C55F93F2-5E21-4C99-A2DD-247F4CB0E41A}.Ad-Hoc|iPhoneSimulator.Deploy.0 = Ad-Hoc|iPhoneSimulator
		{C55F93F2-5E21-4C99-A2DD-247F4CB0E41A}.AppStore|Any CPU.ActiveCfg = AppStore|iPhone
		{C55F93F2-5E21-4C99-A2DD-247F4CB0E41A}.AppStore|Any CPU.Build.0 = AppStore|iPhone
		{C55F93F2-5E21-4C99-A2DD-247F4CB0E41A}.AppStore|Any CPU.Deploy.0 = AppStore|iPhone
		{C55F93F2-5E21-4C99-A2DD-247F4CB0E41A}.AppStore|iPhone.ActiveCfg = AppStore|iPhone
		{C55F93F2-5E21-4C99-A2DD-247F4CB0E41A}.AppStore|iPhone.Build.0 = AppStore|iPhone
		{C55F93F2-5E21-4C99-A2DD-247F4CB0E41A}.AppStore|iPhone.Deploy.0 = AppStore|iPhone
		{C55F93F2-5E21-4C99-A2DD-247F4CB0E41A}.AppStore|iPhoneSimulator.ActiveCfg = AppStore|iPhoneSimulator
		{C55F93F2-5E21-4C99-A2DD-247F4CB0E41A}.AppStore|iPhoneSimulator.Build.0 = AppStore|iPhoneSimulator
		{C55F93F2-5E21-4C99-A2DD-247F4CB0E41A}.AppStore|iPhoneSimulator.Deploy.0 = AppStore|iPhoneSimulator
		{C55F93F2-5E21-4C99-A2DD-247F4CB0E41A}.Debug|Any CPU.ActiveCfg = Debug|iPhoneSimulator
		{C55F93F2-5E21-4C99-A2DD-247F4CB0E41A}.Debug|Any CPU.Build.0 = Debug|iPhoneSimulator
		{C55F93F2-5E21-4C99-A2DD-247F4CB0E41A}.Debug|Any CPU.Deploy.0 = Debug|iPhoneSimulator
		{C55F93F2-5E21-4C99-A2DD-247F4CB0E41A}.Debug|iPhone.ActiveCfg = Debug|iPhone
		{C55F93F2-5E21-4C99-A2DD-247F4CB0E41A}.Debug|iPhone.Build.0 = Debug|iPhone
		{C55F93F2-5E21-4C99-A2DD-247F4CB0E41A}.Debug|iPhone.Deploy.0 = Debug|iPhone
		{C55F93F2-5E21-4C99-A2DD-247F4CB0E41A}.Debug|iPhoneSimulator.ActiveCfg = Debug|iPhoneSimulator
		{C55F93F2-5E21-4C99-A2DD-247F4CB0E41A}.Debug|iPhoneSimulator.Build.0 = Debug|iPhoneSimulator
		{C55F93F2-5E21-4C99-A2DD-247F4CB0E41A}.Debug|iPhoneSimulator.Deploy.0 = Debug|iPhoneSimulator
		{C55F93F2-5E21-4C99-A2DD-247F4CB0E41A}.Release|Any CPU.ActiveCfg = Release|iPhone
		{C55F93F2-5E21-4C99-A2DD-247F4CB0E41A}.Release|Any CPU.Build.0 = Release|iPhone
		{C55F93F2-5E21-4C99-A2DD-247F4CB0E41A}.Release|Any CPU.Deploy.0 = Release|iPhone
		{C55F93F2-5E21-4C99-A2DD-247F4CB0E41A}.Release|iPhone.ActiveCfg = Release|iPhone
		{C55F93F2-5E21-4C99-A2DD-247F4CB0E41A}.Release|iPhone.Build.0 = Release|iPhone
		{C55F93F2-5E21-4C99-A2DD-247F4CB0E41A}.Release|iPhone.Deploy.0 = Release|iPhone
		{C55F93F2-5E21-4C99-A2DD-247F4CB0E41A}.Release|iPhoneSimulator.ActiveCfg = Release|iPhoneSimulator
		{C55F93F2-5E21-4C99-A2DD-247F4CB0E41A}.Release|iPhoneSimulator.Build.0 = Release|iPhoneSimulator
		{C55F93F2-5E21-4C99-A2DD-247F4CB0E41A}.Release|iPhoneSimulator.Deploy.0 = Release|iPhoneSimulator
		{48851CE8-58B3-4DCA-9D05-7424738B7C42}.Ad-Hoc|Any CPU.ActiveCfg = Debug|Any CPU
		{48851CE8-58B3-4DCA-9D05-7424738B7C42}.Ad-Hoc|Any CPU.Build.0 = Debug|Any CPU
		{48851CE8-58B3-4DCA-9D05-7424738B7C42}.Ad-Hoc|Any CPU.Deploy.0 = Debug|Any CPU
		{48851CE8-58B3-4DCA-9D05-7424738B7C42}.Ad-Hoc|iPhone.ActiveCfg = Debug|Any CPU
		{48851CE8-58B3-4DCA-9D05-7424738B7C42}.Ad-Hoc|iPhone.Build.0 = Debug|Any CPU
		{48851CE8-58B3-4DCA-9D05-7424738B7C42}.Ad-Hoc|iPhone.Deploy.0 = Debug|Any CPU
		{48851CE8-58B3-4DCA-9D05-7424738B7C42}.Ad-Hoc|iPhoneSimulator.ActiveCfg = Debug|Any CPU
		{48851CE8-58B3-4DCA-9D05-7424738B7C42}.Ad-Hoc|iPhoneSimulator.Build.0 = Debug|Any CPU
		{48851CE8-58B3-4DCA-9D05-7424738B7C42}.Ad-Hoc|iPhoneSimulator.Deploy.0 = Debug|Any CPU
		{48851CE8-58B3-4DCA-9D05-7424738B7C42}.AppStore|Any CPU.ActiveCfg = Debug|Any CPU
		{48851CE8-58B3-4DCA-9D05-7424738B7C42}.AppStore|Any CPU.Build.0 = Debug|Any CPU
		{48851CE8-58B3-4DCA-9D05-7424738B7C42}.AppStore|Any CPU.Deploy.0 = Debug|Any CPU
		{48851CE8-58B3-4DCA-9D05-7424738B7C42}.AppStore|iPhone.ActiveCfg = Debug|Any CPU
		{48851CE8-58B3-4DCA-9D05-7424738B7C42}.AppStore|iPhone.Build.0 = Debug|Any CPU
		{48851CE8-58B3-4DCA-9D05-7424738B7C42}.AppStore|iPhone.Deploy.0 = Debug|Any CPU
		{48851CE8-58B3-4DCA-9D05-7424738B7C42}.AppStore|iPhoneSimulator.ActiveCfg = Debug|Any CPU
		{48851CE8-58B3-4DCA-9D05-7424738B7C42}.AppStore|iPhoneSimulator.Build.0 = Debug|Any CPU
		{48851CE8-58B3-4DCA-9D05-7424738B7C42}.AppStore|iPhoneSimulator.Deploy.0 = Debug|Any CPU
		{48851CE8-58B3-4DCA-9D05-7424738B7C42}.Debug|Any CPU.ActiveCfg = Debug|Any CPU
		{48851CE8-58B3-4DCA-9D05-7424738B7C42}.Debug|Any CPU.Build.0 = Debug|Any CPU
		{48851CE8-58B3-4DCA-9D05-7424738B7C42}.Debug|Any CPU.Deploy.0 = Debug|Any CPU
		{48851CE8-58B3-4DCA-9D05-7424738B7C42}.Debug|iPhone.ActiveCfg = Debug|Any CPU
		{48851CE8-58B3-4DCA-9D05-7424738B7C42}.Debug|iPhone.Build.0 = Debug|Any CPU
		{48851CE8-58B3-4DCA-9D05-7424738B7C42}.Debug|iPhone.Deploy.0 = Debug|Any CPU
		{48851CE8-58B3-4DCA-9D05-7424738B7C42}.Debug|iPhoneSimulator.ActiveCfg = Debug|Any CPU
		{48851CE8-58B3-4DCA-9D05-7424738B7C42}.Debug|iPhoneSimulator.Build.0 = Debug|Any CPU
		{48851CE8-58B3-4DCA-9D05-7424738B7C42}.Debug|iPhoneSimulator.Deploy.0 = Debug|Any CPU
		{48851CE8-58B3-4DCA-9D05-7424738B7C42}.Release|Any CPU.ActiveCfg = Release|Any CPU
		{48851CE8-58B3-4DCA-9D05-7424738B7C42}.Release|Any CPU.Build.0 = Release|Any CPU
		{48851CE8-58B3-4DCA-9D05-7424738B7C42}.Release|Any CPU.Deploy.0 = Release|Any CPU
		{48851CE8-58B3-4DCA-9D05-7424738B7C42}.Release|iPhone.ActiveCfg = Release|Any CPU
		{48851CE8-58B3-4DCA-9D05-7424738B7C42}.Release|iPhone.Build.0 = Release|Any CPU
		{48851CE8-58B3-4DCA-9D05-7424738B7C42}.Release|iPhone.Deploy.0 = Release|Any CPU
		{48851CE8-58B3-4DCA-9D05-7424738B7C42}.Release|iPhoneSimulator.ActiveCfg = Release|Any CPU
		{48851CE8-58B3-4DCA-9D05-7424738B7C42}.Release|iPhoneSimulator.Build.0 = Release|Any CPU
		{48851CE8-58B3-4DCA-9D05-7424738B7C42}.Release|iPhoneSimulator.Deploy.0 = Release|Any CPU
	EndGlobalSection
	GlobalSection(SolutionProperties) = preSolution
		HideSolutionNode = FALSE
	EndGlobalSection
	GlobalSection(ExtensibilityGlobals) = postSolution
		SolutionGuid = {7849A5E3-6914-418B-A28F-3FE0891D5400}
	EndGlobalSection
EndGlobal
